
Microsoft Visual Studio Solution File, Format Version 12.00
# Visual Studio Version 16
VisualStudioVersion = 16.0.29519.181
MinimumVisualStudioVersion = 10.0.40219.1
Project("{FAE04EC0-301F-11D3-BF4B-00C04F79EFBC}") = "AspNetCore.Starter", "src\AspNetCore.Starter\AspNetCore.Starter.csproj", "{D2C95831-88F2-420D-8DF2-4E588CB5F277}"
EndProject
Project("{FAE04EC0-301F-11D3-BF4B-00C04F79EFBC}") = "AspNetCore.Starter.Tests", "test\AspNetCore.Starter.Tests\AspNetCore.Starter.Tests.csproj", "{697CC277-F13F-455C-A44A-2013ACFA2A80}"
EndProject
Global
	GlobalSection(SolutionConfigurationPlatforms) = preSolution
		Debug|Any CPU = Debug|Any CPU
		Release|Any CPU = Release|Any CPU
	EndGlobalSection
	GlobalSection(ProjectConfigurationPlatforms) = postSolution
		{D2C95831-88F2-420D-8DF2-4E588CB5F277}.Debug|Any CPU.ActiveCfg = Debug|Any CPU
		{D2C95831-88F2-420D-8DF2-4E588CB5F277}.Debug|Any CPU.Build.0 = Debug|Any CPU
		{D2C95831-88F2-420D-8DF2-4E588CB5F277}.Release|Any CPU.ActiveCfg = Release|Any CPU
		{D2C95831-88F2-420D-8DF2-4E588CB5F277}.Release|Any CPU.Build.0 = Release|Any CPU
		{697CC277-F13F-455C-A44A-2013ACFA2A80}.Debug|Any CPU.ActiveCfg = Debug|Any CPU
		{697CC277-F13F-455C-A44A-2013ACFA2A80}.Debug|Any CPU.Build.0 = Debug|Any CPU
		{697CC277-F13F-455C-A44A-2013ACFA2A80}.Release|Any CPU.ActiveCfg = Release|Any CPU
		{697CC277-F13F-455C-A44A-2013ACFA2A80}.Release|Any CPU.Build.0 = Release|Any CPU
	EndGlobalSection
	GlobalSection(SolutionProperties) = preSolution
		HideSolutionNode = FALSE
	EndGlobalSection
	GlobalSection(ExtensibilityGlobals) = postSolution
		SolutionGuid = {92E00B62-B7C3-4804-8568-9085C3C8AC0C}
	EndGlobalSection
EndGlobal
